
Microsoft Visual Studio Solution File, Format Version 12.00
# Visual Studio 15
VisualStudioVersion = 15.0.27004.2002
MinimumVisualStudioVersion = 10.0.40219.1
Project("{8BC9CEB8-8B4A-11D0-8D11-00A0C91BC942}") = "D6-7", "D6-7.vcxproj", "{B6C69CF3-8243-4296-8C55-62C7397DD84D}"
EndProject
Global
	GlobalSection(SolutionConfigurationPlatforms) = preSolution
		Debug|x64 = Debug|x64
		Debug|x86 = Debug|x86
		Release|x64 = Release|x64
		Release|x86 = Release|x86
	EndGlobalSection
	GlobalSection(ProjectConfigurationPlatforms) = postSolution
		{B6C69CF3-8243-4296-8C55-62C7397DD84D}.Debug|x64.ActiveCfg = Debug|x64
		{B6C69CF3-8243-4296-8C55-62C7397DD84D}.Debug|x64.Build.0 = Debug|x64
		{B6C69CF3-8243-4296-8C55-62C7397DD84D}.Debug|x86.ActiveCfg = Debug|Win32
		{B6C69CF3-8243-4296-8C55-62C7397DD84D}.Debug|x86.Build.0 = Debug|Win32
		{B6C69CF3-8243-4296-8C55-62C7397DD84D}.Release|x64.ActiveCfg = Release|x64
		{B6C69CF3-8243-4296-8C55-62C7397DD84D}.Release|x64.Build.0 = Release|x64
		{B6C69CF3-8243-4296-8C55-62C7397DD84D}.Release|x86.ActiveCfg = Release|Win32
		{B6C69CF3-8243-4296-8C55-62C7397DD84D}.Release|x86.Build.0 = Release|Win32
	EndGlobalSection
	GlobalSection(SolutionProperties) = preSolution
		HideSolutionNode = FALSE
	EndGlobalSection
	GlobalSection(ExtensibilityGlobals) = postSolution
		SolutionGuid = {6366D8E2-FDB7-48B2-A36A-E6F2E1D25BBE}
	EndGlobalSection
EndGlobal
