
Microsoft Visual Studio Solution File, Format Version 12.00
# Visual Studio 15
VisualStudioVersion = 15.0.27004.2002
MinimumVisualStudioVersion = 10.0.40219.1
Project("{8BC9CEB8-8B4A-11D0-8D11-00A0C91BC942}") = "d6-2", "d6-2.vcxproj", "{C4127495-4ABC-4260-B0C1-0A028265A109}"
EndProject
Global
	GlobalSection(SolutionConfigurationPlatforms) = preSolution
		Debug|x64 = Debug|x64
		Debug|x86 = Debug|x86
		Release|x64 = Release|x64
		Release|x86 = Release|x86
	EndGlobalSection
	GlobalSection(ProjectConfigurationPlatforms) = postSolution
		{C4127495-4ABC-4260-B0C1-0A028265A109}.Debug|x64.ActiveCfg = Debug|x64
		{C4127495-4ABC-4260-B0C1-0A028265A109}.Debug|x64.Build.0 = Debug|x64
		{C4127495-4ABC-4260-B0C1-0A028265A109}.Debug|x86.ActiveCfg = Debug|Win32
		{C4127495-4ABC-4260-B0C1-0A028265A109}.Debug|x86.Build.0 = Debug|Win32
		{C4127495-4ABC-4260-B0C1-0A028265A109}.Release|x64.ActiveCfg = Release|x64
		{C4127495-4ABC-4260-B0C1-0A028265A109}.Release|x64.Build.0 = Release|x64
		{C4127495-4ABC-4260-B0C1-0A028265A109}.Release|x86.ActiveCfg = Release|Win32
		{C4127495-4ABC-4260-B0C1-0A028265A109}.Release|x86.Build.0 = Release|Win32
	EndGlobalSection
	GlobalSection(SolutionProperties) = preSolution
		HideSolutionNode = FALSE
	EndGlobalSection
	GlobalSection(ExtensibilityGlobals) = postSolution
		SolutionGuid = {C1D86F0E-41F1-48D5-8E58-C4B7C3CCD67E}
	EndGlobalSection
EndGlobal
